<?xml version="1.0" encoding="utf-8"?>
<Project ToolsVersion="4.0" xmlns="http://schemas.microsoft.com/developer/msbuild/2003">
  <ItemGroup>
    <ClCompile Include="src\ofApp.cpp">
      <Filter>src</Filter>
    </ClCompile>
    <ClCompile Include="src\main.cpp">
      <Filter>src</Filter>
    </ClCompile>
    <ClCompile Include="src\main.cpp">
      <Filter>src</Filter>
    </ClCompile>
    <ClCompile Include="src\ofApp.cpp">
      <Filter>src</Filter>
    </ClCompile>
    <ClCompile Include="C:\Program Files (x86)\Spout2\SPOUTSDK\SpoutSDK\SpoutDirectX.cpp">
      <Filter>src\Spout</Filter>
    </ClCompile>
    <ClCompile Include="C:\Program Files (x86)\Spout2\SPOUTSDK\SpoutSDK\SpoutGLDXinterop.cpp">
      <Filter>src\Spout</Filter>
    </ClCompile>
    <ClCompile Include="C:\Program Files (x86)\Spout2\SPOUTSDK\SpoutSDK\SpoutGLextensions.cpp">
      <Filter>src\Spout</Filter>
    </ClCompile>
    <ClCompile Include="C:\Program Files (x86)\Spout2\SPOUTSDK\SpoutSDK\SpoutMemoryShare.cpp">
      <Filter>src\Spout</Filter>
    </ClCompile>
    <ClCompile Include="C:\Program Files (x86)\Spout2\SPOUTSDK\SpoutSDK\SpoutReceiver.cpp">
      <Filter>src\Spout</Filter>
    </ClCompile>
    <ClCompile Include="C:\Program Files (x86)\Spout2\SPOUTSDK\SpoutSDK\SpoutSDK.cpp">
      <Filter>src\Spout</Filter>
    </ClCompile>
    <ClCompile Include="C:\Program Files (x86)\Spout2\SPOUTSDK\SpoutSDK\SpoutSender.cpp">
      <Filter>src\Spout</Filter>
    </ClCompile>
    <ClCompile Include="C:\Program Files (x86)\Spout2\SPOUTSDK\SpoutSDK\SpoutSenderNames.cpp">
      <Filter>src\Spout</Filter>
    </ClCompile>
    <ClCompile Include="C:\Program Files (x86)\Spout2\SPOUTSDK\SpoutSDK\SpoutSharedMemory.cpp">
      <Filter>src\Spout</Filter>
    </ClCompile>
    <ClCompile Include="$(OF_ROOT)\addons\ofxGui\src\ofxBaseGui.cpp" />
    <ClCompile Include="$(OF_ROOT)\addons\ofxGui\src\ofxButton.cpp" />
    <ClCompile Include="$(OF_ROOT)\addons\ofxGui\src\ofxGuiGroup.cpp" />
    <ClCompile Include="$(OF_ROOT)\addons\ofxGui\src\ofxLabel.cpp" />
    <ClCompile Include="$(OF_ROOT)\addons\ofxGui\src\ofxPanel.cpp" />
    <ClCompile Include="$(OF_ROOT)\addons\ofxGui\src\ofxSlider.cpp" />
    <ClCompile Include="$(OF_ROOT)\addons\ofxGui\src\ofxSliderGroup.cpp" />
    <ClCompile Include="$(OF_ROOT)\addons\ofxGui\src\ofxToggle.cpp" />
    <ClCompile Include="$(OF_ROOT)\addons\ofxOsc\src\ofxOscBundle.cpp" />
    <ClCompile Include="$(OF_ROOT)\addons\ofxOsc\src\ofxOscMessage.cpp" />
    <ClCompile Include="$(OF_ROOT)\addons\ofxOsc\src\ofxOscParameterSync.cpp" />
    <ClCompile Include="$(OF_ROOT)\addons\ofxOsc\src\ofxOscReceiver.cpp" />
    <ClCompile Include="$(OF_ROOT)\addons\ofxOsc\src\ofxOscSender.cpp" />
    <ClCompile Include="$(OF_ROOT)\addons\ofxOsc\libs\oscpack\src\ip\IpEndpointName.cpp" />
    <ClCompile Include="$(OF_ROOT)\addons\ofxOsc\libs\oscpack\src\ip\win32\NetworkingUtils.cpp" />
    <ClCompile Include="$(OF_ROOT)\addons\ofxOsc\libs\oscpack\src\ip\win32\UdpSocket.cpp" />
    <ClCompile Include="$(OF_ROOT)\addons\ofxOsc\libs\oscpack\src\osc\OscOutboundPacketStream.cpp" />
    <ClCompile Include="$(OF_ROOT)\addons\ofxOsc\libs\oscpack\src\osc\OscPrintReceivedElements.cpp" />
    <ClCompile Include="$(OF_ROOT)\addons\ofxOsc\libs\oscpack\src\osc\OscReceivedElements.cpp" />
    <ClCompile Include="$(OF_ROOT)\addons\ofxOsc\libs\oscpack\src\osc\OscTypes.cpp" />
  </ItemGroup>
  <ItemGroup>
    <Filter Include="src">
      <UniqueIdentifier>{d8376475-7454-4a24-b08a-aac121d3ad6f}</UniqueIdentifier>
    </Filter>
    <Filter Include="addons">
      <UniqueIdentifier>{71834F65-F3A9-211E-73B8-DC85}</UniqueIdentifier>
    </Filter>
    <Filter Include="addons\ofxGui">
      <UniqueIdentifier>{4F2A59AF-5F4E-704B-D067-EC13}</UniqueIdentifier>
    </Filter>
    <Filter Include="addons\ofxGui\src">
      <UniqueIdentifier>{645E9533-4DCD-6179-1CDF-CB65}</UniqueIdentifier>
    </Filter>
    <Filter Include="addons\ofxOsc">
      <UniqueIdentifier>{D91DCA33-6E5D-4481-2AEC-9FBB}</UniqueIdentifier>
    </Filter>
    <Filter Include="addons\ofxOsc\src">
      <UniqueIdentifier>{B9DD339A-D93D-92A1-0A2F-4B41}</UniqueIdentifier>
    </Filter>
    <Filter Include="addons\ofxOsc\libs">
      <UniqueIdentifier>{99ECA1D9-873F-4622-8FC0-FC7B}</UniqueIdentifier>
    </Filter>
    <Filter Include="addons\ofxOsc\libs\oscpack">
      <UniqueIdentifier>{D3A98534-1602-4FEF-57A6-6593}</UniqueIdentifier>
    </Filter>
    <Filter Include="addons\ofxOsc\libs\oscpack\src">
      <UniqueIdentifier>{BFB5BB47-98C8-BBCB-3066-1046}</UniqueIdentifier>
    </Filter>
    <Filter Include="addons\ofxOsc\libs\oscpack\src\ip">
      <UniqueIdentifier>{5A029128-EB41-95C5-CBC0-CDED}</UniqueIdentifier>
    </Filter>
    <Filter Include="addons\ofxOsc\libs\oscpack\src\ip\win32">
      <UniqueIdentifier>{79DFDFE2-400B-8654-3675-01A3}</UniqueIdentifier>
    </Filter>
    <Filter Include="addons\ofxOsc\libs\oscpack\src\osc">
      <UniqueIdentifier>{EDACB89C-9768-9551-4D41-B590}</UniqueIdentifier>
    </Filter>
    <Filter Include="src\Spout">
      <UniqueIdentifier>{fbd2f743-9c93-43d0-b38f-42b2e96f67b1}</UniqueIdentifier>
    </Filter>
  </ItemGroup>
  <ItemGroup>
    <ClInclude Include="src\ofApp.h">
      <Filter>src</Filter>
    </ClInclude>
    <ClInclude Include="src\ofApp.h">
      <Filter>src</Filter>
    </ClInclude>
    <ClInclude Include="$(OF_ROOT)\addons\ofxGui\src\ofxBaseGui.h" />
    <ClInclude Include="$(OF_ROOT)\addons\ofxGui\src\ofxButton.h" />
    <ClInclude Include="$(OF_ROOT)\addons\ofxGui\src\ofxGui.h" />
    <ClInclude Include="$(OF_ROOT)\addons\ofxGui\src\ofxGuiGroup.h" />
    <ClInclude Include="$(OF_ROOT)\addons\ofxGui\src\ofxLabel.h" />
    <ClInclude Include="$(OF_ROOT)\addons\ofxGui\src\ofxPanel.h" />
    <ClInclude Include="$(OF_ROOT)\addons\ofxGui\src\ofxSlider.h" />
    <ClInclude Include="$(OF_ROOT)\addons\ofxGui\src\ofxSliderGroup.h" />
    <ClInclude Include="$(OF_ROOT)\addons\ofxGui\src\ofxToggle.h" />
    <ClInclude Include="$(OF_ROOT)\addons\ofxOsc\src\ofxOsc.h" />
    <ClInclude Include="$(OF_ROOT)\addons\ofxOsc\src\ofxOscArg.h" />
    <ClInclude Include="$(OF_ROOT)\addons\ofxOsc\src\ofxOscBundle.h" />
    <ClInclude Include="$(OF_ROOT)\addons\ofxOsc\src\ofxOscMessage.h" />
    <ClInclude Include="$(OF_ROOT)\addons\ofxOsc\src\ofxOscParameterSync.h" />
    <ClInclude Include="$(OF_ROOT)\addons\ofxOsc\src\ofxOscReceiver.h" />
    <ClInclude Include="$(OF_ROOT)\addons\ofxOsc\src\ofxOscSender.h" />
    <ClInclude Include="$(OF_ROOT)\addons\ofxOsc\libs\oscpack\src\ip\IpEndpointName.h" />
    <ClInclude Include="$(OF_ROOT)\addons\ofxOsc\libs\oscpack\src\ip\NetworkingUtils.h" />
    <ClInclude Include="$(OF_ROOT)\addons\ofxOsc\libs\oscpack\src\ip\PacketListener.h" />
    <ClInclude Include="$(OF_ROOT)\addons\ofxOsc\libs\oscpack\src\ip\TimerListener.h" />
    <ClInclude Include="$(OF_ROOT)\addons\ofxOsc\libs\oscpack\src\ip\UdpSocket.h" />
    <ClInclude Include="$(OF_ROOT)\addons\ofxOsc\libs\oscpack\src\osc\MessageMappingOscPacketListener.h" />
    <ClInclude Include="$(OF_ROOT)\addons\ofxOsc\libs\oscpack\src\osc\OscException.h" />
    <ClInclude Include="$(OF_ROOT)\addons\ofxOsc\libs\oscpack\src\osc\OscHostEndianness.h" />
    <ClInclude Include="$(OF_ROOT)\addons\ofxOsc\libs\oscpack\src\osc\OscOutboundPacketStream.h" />
    <ClInclude Include="$(OF_ROOT)\addons\ofxOsc\libs\oscpack\src\osc\OscPacketListener.h" />
    <ClInclude Include="$(OF_ROOT)\addons\ofxOsc\libs\oscpack\src\osc\OscPrintReceivedElements.h" />
    <ClInclude Include="$(OF_ROOT)\addons\ofxOsc\libs\oscpack\src\osc\OscReceivedElements.h" />
    <ClInclude Include="$(OF_ROOT)\addons\ofxOsc\libs\oscpack\src\osc\OscTypes.h" />
  </ItemGroup>
  <ItemGroup>
    <ResourceCompile Include="icon.rc" />
  </ItemGroup>
</Project>